
Microsoft Visual Studio Solution File, Format Version 12.00
# Visual Studio Version 16
VisualStudioVersion = 16.0.30225.117
MinimumVisualStudioVersion = 10.0.40219.1
Project("{FAE04EC0-301F-11D3-BF4B-00C04F79EFBC}") = "BogusMqttPubApp", "BogusMqttPubApp\BogusMqttPubApp.csproj", "{A0C92E4B-7FB7-4DAB-BBD0-0A650E5BB66A}"
EndProject
Project("{2150E333-8FDC-42A3-9474-1A3956D46DE8}") = "Advanced", "Advanced", "{3EA71084-569A-4798-B69E-CCDED56788CE}"
EndProject
Project("{2150E333-8FDC-42A3-9474-1A3956D46DE8}") = "Intermediate", "Intermediate", "{2C4B13D4-B403-49E3-B5CF-336E37DFD00A}"
EndProject
Project("{FAE04EC0-301F-11D3-BF4B-00C04F79EFBC}") = "MqttMonitoringApp", "MqttMonitoringApp\MqttMonitoringApp.csproj", "{CE266869-02F4-4E84-BD7C-469C6C0B1FB7}"
EndProject
Global
	GlobalSection(SolutionConfigurationPlatforms) = preSolution
		Debug|Any CPU = Debug|Any CPU
		Release|Any CPU = Release|Any CPU
	EndGlobalSection
	GlobalSection(ProjectConfigurationPlatforms) = postSolution
		{A0C92E4B-7FB7-4DAB-BBD0-0A650E5BB66A}.Debug|Any CPU.ActiveCfg = Debug|Any CPU
		{A0C92E4B-7FB7-4DAB-BBD0-0A650E5BB66A}.Debug|Any CPU.Build.0 = Debug|Any CPU
		{A0C92E4B-7FB7-4DAB-BBD0-0A650E5BB66A}.Release|Any CPU.ActiveCfg = Release|Any CPU
		{A0C92E4B-7FB7-4DAB-BBD0-0A650E5BB66A}.Release|Any CPU.Build.0 = Release|Any CPU
		{CE266869-02F4-4E84-BD7C-469C6C0B1FB7}.Debug|Any CPU.ActiveCfg = Debug|Any CPU
		{CE266869-02F4-4E84-BD7C-469C6C0B1FB7}.Debug|Any CPU.Build.0 = Debug|Any CPU
		{CE266869-02F4-4E84-BD7C-469C6C0B1FB7}.Release|Any CPU.ActiveCfg = Release|Any CPU
		{CE266869-02F4-4E84-BD7C-469C6C0B1FB7}.Release|Any CPU.Build.0 = Release|Any CPU
	EndGlobalSection
	GlobalSection(SolutionProperties) = preSolution
		HideSolutionNode = FALSE
	EndGlobalSection
	GlobalSection(NestedProjects) = preSolution
		{A0C92E4B-7FB7-4DAB-BBD0-0A650E5BB66A} = {2C4B13D4-B403-49E3-B5CF-336E37DFD00A}
		{CE266869-02F4-4E84-BD7C-469C6C0B1FB7} = {3EA71084-569A-4798-B69E-CCDED56788CE}
	EndGlobalSection
	GlobalSection(ExtensibilityGlobals) = postSolution
		SolutionGuid = {63544BE9-7688-4BC0-8DC2-32A0A940C712}
	EndGlobalSection
EndGlobal
